
Microsoft Visual Studio Solution File, Format Version 12.00
# Visual Studio Version 16
VisualStudioVersion = 16.0.31424.327
MinimumVisualStudioVersion = 10.0.40219.1
Project("{FAE04EC0-301F-11D3-BF4B-00C04F79EFBC}") = "ny-vs2019-pullRequestDemo", "ny-vs2019-pullRequestDemo\ny-vs2019-pullRequestDemo.csproj", "{72B2BD18-8377-47D5-8B70-804464810DFC}"
EndProject
Global
	GlobalSection(SolutionConfigurationPlatforms) = preSolution
		Debug|Any CPU = Debug|Any CPU
		Release|Any CPU = Release|Any CPU
	EndGlobalSection
	GlobalSection(ProjectConfigurationPlatforms) = postSolution
		{72B2BD18-8377-47D5-8B70-804464810DFC}.Debug|Any CPU.ActiveCfg = Debug|Any CPU
		{72B2BD18-8377-47D5-8B70-804464810DFC}.Debug|Any CPU.Build.0 = Debug|Any CPU
		{72B2BD18-8377-47D5-8B70-804464810DFC}.Release|Any CPU.ActiveCfg = Release|Any CPU
		{72B2BD18-8377-47D5-8B70-804464810DFC}.Release|Any CPU.Build.0 = Release|Any CPU
	EndGlobalSection
	GlobalSection(SolutionProperties) = preSolution
		HideSolutionNode = FALSE
	EndGlobalSection
	GlobalSection(ExtensibilityGlobals) = postSolution
		SolutionGuid = {A99D78ED-18DA-4043-B3A3-62A413A1DD22}
	EndGlobalSection
EndGlobal
